
Microsoft Visual Studio Solution File, Format Version 12.00
# Visual Studio Version 17
VisualStudioVersion = 17.0.31903.59
MinimumVisualStudioVersion = 10.0.40219.1
Project("{2F08BC15-189B-4804-B644-653F34C968A8}") = "protolint-global-tool", "global-tool\protolint-global-tool.msbuildproj", "{9F709A95-B632-4507-83CC-5750BBF2C9CC}"
EndProject
Global
	GlobalSection(SolutionConfigurationPlatforms) = preSolution
		Debug|Any CPU = Debug|Any CPU
		Release|Any CPU = Release|Any CPU
	EndGlobalSection
	GlobalSection(SolutionProperties) = preSolution
		HideSolutionNode = FALSE
	EndGlobalSection
	GlobalSection(ProjectConfigurationPlatforms) = postSolution
		{9F709A95-B632-4507-83CC-5750BBF2C9CC}.Debug|Any CPU.ActiveCfg = Debug|Any CPU
		{9F709A95-B632-4507-83CC-5750BBF2C9CC}.Debug|Any CPU.Build.0 = Debug|Any CPU
		{9F709A95-B632-4507-83CC-5750BBF2C9CC}.Release|Any CPU.ActiveCfg = Release|Any CPU
		{9F709A95-B632-4507-83CC-5750BBF2C9CC}.Release|Any CPU.Build.0 = Release|Any CPU
	EndGlobalSection
EndGlobal
